<?xml version="1.0" encoding="UTF-8" standalone="yes" ?>
<CodeBlocks_project_file>
	<FileVersion major="1" minor="6" />
	<Project>
		<Option title="asd" />
		<Option pch_mode="2" />
		<Option compiler="gcc" />
		<Build>
			<Target title="Debug">
				<Option output="bin/Debug/asd" prefix_auto="1" extension_auto="1" />
				<Option working_dir="bin" />
				<Option object_output="obj/Debug/" />
				<Option type="1" />
				<Option compiler="gcc" />
				<Compiler>
					<Add option="-g" />
				</Compiler>
			</Target>
			<Target title="Release">
				<Option output="bin/Release/asd" prefix_auto="1" extension_auto="1" />
				<Option working_dir="bin" />
				<Option object_output="obj/Release/" />
				<Option type="0" />
				<Option compiler="gcc" />
				<Compiler>
					<Add option="-O2" />
				</Compiler>
				<Linker>
					<Add option="-s" />
				</Linker>
			</Target>
		</Build>
		<Compiler>
			<Add option="-Wall" />
			<Add option="-fexceptions" />
			<Add directory="libtcod/include" />
			<Add directory="lodepng" />
		</Compiler>
		<Linker>
			<Add library="libtcod\lib\libtcod-mingw.a" />
			<Add library="lodepng\liblodepng.a" />
		</Linker>
		<Unit filename="src/Image2ASCIIcolors.cpp" />
		<Unit filename="src/Image2ASCIIcolors.h" />
		<Unit filename="src/SelectionMenu.cpp" />
		<Unit filename="src/SelectionMenu.h" />
		<Unit filename="src/character.cpp" />
		<Unit filename="src/character.h" />
		<Unit filename="src/effects.cpp" />
		<Unit filename="src/effects.h" />
		<Unit filename="src/globals.cpp" />
		<Unit filename="src/harc.cpp" />
		<Unit filename="src/harc.h" />
		<Unit filename="src/itemek.cpp" />
		<Unit filename="src/itemek.h" />
		<Unit filename="src/level.cpp" />
		<Unit filename="src/level.h" />
		<Unit filename="src/logging.cpp" />
		<Unit filename="src/logging.h" />
		<Unit filename="src/main.cpp" />
		<Unit filename="src/settings.h" />
		<Unit filename="src/szoba.cpp" />
		<Unit filename="src/szoba.h" />
		<Extensions>
			<code_completion />
			<envvars />
			<debugger />
			<lib_finder disable_auto="1" />
		</Extensions>
	</Project>
</CodeBlocks_project_file>
